{
  "requires": true,
  "lockfileVersion": 1,
  "dependencies": {
    "jquery": {
      "version": "3.4.1",
      "resolved": "https://registry.npmjs.org/jquery/-/jquery-3.4.1.tgz",
      "integrity": "sha512-36+AdBzCL+y6qjw5Tx7HgzeGCzC81MDDgaUP8ld2zhx58HdqXGoBd+tHdrBMiyjGQs0Hxs/MLZTu/eHNJJuWPw=="
    },
    "uikit": {
      "version": "3.1.7",
      "resolved": "https://registry.npmjs.org/uikit/-/uikit-3.1.7.tgz",
      "integrity": "sha512-eKVrD6ccMltGpjuphLUTXpqln0Q9aNa0+4HrxEO85i1BD4N2MvpZqsva6gOSZTDnmnen0XeNbPCP+aiU2u2lmw=="
    }
  }
}
